
Microsoft Visual Studio Solution File, Format Version 12.00
# Visual Studio Version 16
VisualStudioVersion = 16.0.30503.244
MinimumVisualStudioVersion = 10.0.40219.1
Project("{FAE04EC0-301F-11D3-BF4B-00C04F79EFBC}") = "Exercicio_02", "Exercicio_02\Exercicio_02.csproj", "{18A8302F-0D9A-4389-BB4E-E2B10C3C5036}"
EndProject
Global
	GlobalSection(SolutionConfigurationPlatforms) = preSolution
		Debug|Any CPU = Debug|Any CPU
		Release|Any CPU = Release|Any CPU
	EndGlobalSection
	GlobalSection(ProjectConfigurationPlatforms) = postSolution
		{18A8302F-0D9A-4389-BB4E-E2B10C3C5036}.Debug|Any CPU.ActiveCfg = Debug|Any CPU
		{18A8302F-0D9A-4389-BB4E-E2B10C3C5036}.Debug|Any CPU.Build.0 = Debug|Any CPU
		{18A8302F-0D9A-4389-BB4E-E2B10C3C5036}.Release|Any CPU.ActiveCfg = Release|Any CPU
		{18A8302F-0D9A-4389-BB4E-E2B10C3C5036}.Release|Any CPU.Build.0 = Release|Any CPU
	EndGlobalSection
	GlobalSection(SolutionProperties) = preSolution
		HideSolutionNode = FALSE
	EndGlobalSection
	GlobalSection(ExtensibilityGlobals) = postSolution
		SolutionGuid = {171FE0B2-33F0-4672-AB0A-D08D151E05DD}
	EndGlobalSection
EndGlobal
