
Microsoft Visual Studio Solution File, Format Version 12.00
# Visual Studio Version 16
VisualStudioVersion = 16.0.30503.244
MinimumVisualStudioVersion = 10.0.40219.1
Project("{FAE04EC0-301F-11D3-BF4B-00C04F79EFBC}") = "Exercicios_Fix", "Exercicio_01\Exercicios_Fix.csproj", "{7FA44239-2884-4B01-A738-C76BDDF47C2B}"
EndProject
Global
	GlobalSection(SolutionConfigurationPlatforms) = preSolution
		Debug|Any CPU = Debug|Any CPU
		Release|Any CPU = Release|Any CPU
	EndGlobalSection
	GlobalSection(ProjectConfigurationPlatforms) = postSolution
		{7FA44239-2884-4B01-A738-C76BDDF47C2B}.Debug|Any CPU.ActiveCfg = Debug|Any CPU
		{7FA44239-2884-4B01-A738-C76BDDF47C2B}.Debug|Any CPU.Build.0 = Debug|Any CPU
		{7FA44239-2884-4B01-A738-C76BDDF47C2B}.Release|Any CPU.ActiveCfg = Release|Any CPU
		{7FA44239-2884-4B01-A738-C76BDDF47C2B}.Release|Any CPU.Build.0 = Release|Any CPU
	EndGlobalSection
	GlobalSection(SolutionProperties) = preSolution
		HideSolutionNode = FALSE
	EndGlobalSection
	GlobalSection(ExtensibilityGlobals) = postSolution
		SolutionGuid = {CE7AD7C7-1810-4265-AC76-ED1BA13035F9}
	EndGlobalSection
EndGlobal
